
Microsoft Visual Studio Solution File, Format Version 12.00
# Visual Studio Version 17
VisualStudioVersion = 17.5.002.0
MinimumVisualStudioVersion = 10.0.40219.1
Project("{9A19103F-16F7-4668-BE54-9A1E7A4F7556}") = "SignalR.Chat.Server", "SignalR.Chat.Server.csproj", "{82CDF712-B3D8-4B29-BE00-5D68604DAD66}"
EndProject
Global
	GlobalSection(SolutionConfigurationPlatforms) = preSolution
		Debug|Any CPU = Debug|Any CPU
		Release|Any CPU = Release|Any CPU
	EndGlobalSection
	GlobalSection(ProjectConfigurationPlatforms) = postSolution
		{82CDF712-B3D8-4B29-BE00-5D68604DAD66}.Debug|Any CPU.ActiveCfg = Debug|Any CPU
		{82CDF712-B3D8-4B29-BE00-5D68604DAD66}.Debug|Any CPU.Build.0 = Debug|Any CPU
		{82CDF712-B3D8-4B29-BE00-5D68604DAD66}.Release|Any CPU.ActiveCfg = Release|Any CPU
		{82CDF712-B3D8-4B29-BE00-5D68604DAD66}.Release|Any CPU.Build.0 = Release|Any CPU
	EndGlobalSection
	GlobalSection(SolutionProperties) = preSolution
		HideSolutionNode = FALSE
	EndGlobalSection
	GlobalSection(ExtensibilityGlobals) = postSolution
		SolutionGuid = {E3F87F1E-FB66-4E8D-8429-4E610E00E284}
	EndGlobalSection
EndGlobal
